
Microsoft Visual Studio Solution File, Format Version 12.00
# Visual Studio 15
VisualStudioVersion = 15.0.28307.421
MinimumVisualStudioVersion = 10.0.40219.1
Project("{FAE04EC0-301F-11D3-BF4B-00C04F79EFBC}") = "BlogProject.UI", "BlogProject.UI\BlogProject.UI.csproj", "{F38F8F08-A42D-4B42-861C-A2F3EB15F645}"
EndProject
Global
	GlobalSection(SolutionConfigurationPlatforms) = preSolution
		Debug|Any CPU = Debug|Any CPU
		Release|Any CPU = Release|Any CPU
	EndGlobalSection
	GlobalSection(ProjectConfigurationPlatforms) = postSolution
		{F38F8F08-A42D-4B42-861C-A2F3EB15F645}.Debug|Any CPU.ActiveCfg = Debug|Any CPU
		{F38F8F08-A42D-4B42-861C-A2F3EB15F645}.Debug|Any CPU.Build.0 = Debug|Any CPU
		{F38F8F08-A42D-4B42-861C-A2F3EB15F645}.Release|Any CPU.ActiveCfg = Release|Any CPU
		{F38F8F08-A42D-4B42-861C-A2F3EB15F645}.Release|Any CPU.Build.0 = Release|Any CPU
	EndGlobalSection
	GlobalSection(SolutionProperties) = preSolution
		HideSolutionNode = FALSE
	EndGlobalSection
	GlobalSection(ExtensibilityGlobals) = postSolution
		SolutionGuid = {9B5ABA61-87B3-48FB-ADB0-99D13A38FBF1}
	EndGlobalSection
EndGlobal
